
Microsoft Visual Studio Solution File, Format Version 12.00
# Visual Studio 15
VisualStudioVersion = 15.0.28307.168
MinimumVisualStudioVersion = 10.0.40219.1
Project("{8BC9CEB8-8B4A-11D0-8D11-00A0C91BC942}") = "Helicopter-Trim-Project", "Helicopter-Trim-Project\Helicopter-Trim-Project.vcxproj", "{70F62F9B-FA07-43F1-A35D-7D71F4E00131}"
EndProject
Global
	GlobalSection(SolutionConfigurationPlatforms) = preSolution
		Debug|x64 = Debug|x64
		Debug|x86 = Debug|x86
		Release|x64 = Release|x64
		Release|x86 = Release|x86
	EndGlobalSection
	GlobalSection(ProjectConfigurationPlatforms) = postSolution
		{70F62F9B-FA07-43F1-A35D-7D71F4E00131}.Debug|x64.ActiveCfg = Debug|x64
		{70F62F9B-FA07-43F1-A35D-7D71F4E00131}.Debug|x64.Build.0 = Debug|x64
		{70F62F9B-FA07-43F1-A35D-7D71F4E00131}.Debug|x86.ActiveCfg = Debug|Win32
		{70F62F9B-FA07-43F1-A35D-7D71F4E00131}.Debug|x86.Build.0 = Debug|Win32
		{70F62F9B-FA07-43F1-A35D-7D71F4E00131}.Release|x64.ActiveCfg = Release|x64
		{70F62F9B-FA07-43F1-A35D-7D71F4E00131}.Release|x64.Build.0 = Release|x64
		{70F62F9B-FA07-43F1-A35D-7D71F4E00131}.Release|x86.ActiveCfg = Release|Win32
		{70F62F9B-FA07-43F1-A35D-7D71F4E00131}.Release|x86.Build.0 = Release|Win32
	EndGlobalSection
	GlobalSection(SolutionProperties) = preSolution
		HideSolutionNode = FALSE
	EndGlobalSection
	GlobalSection(ExtensibilityGlobals) = postSolution
		SolutionGuid = {4C1454EC-A656-43A6-A778-75175C101A3D}
	EndGlobalSection
EndGlobal
